
Microsoft Visual Studio Solution File, Format Version 12.00
Project("{FAE04EC0-301F-11D3-BF4B-00C04F79EFBC}") = "NicolaySerialSFM3x00", "NicolaySerialSFM3x00\NicolaySerialSFM3x00.csproj", "{FD76B421-01E4-467F-9185-690A88A40E39}"
EndProject
Project("{FAE04EC0-301F-11D3-BF4B-00C04F79EFBC}") = "Example", "Example\Example.csproj", "{289370AA-2373-46A8-A2C4-5B4473AE2AB2}"
EndProject
Global
	GlobalSection(SolutionConfigurationPlatforms) = preSolution
		Debug|Any CPU = Debug|Any CPU
		Release|Any CPU = Release|Any CPU
	EndGlobalSection
	GlobalSection(ProjectConfigurationPlatforms) = postSolution
		{FD76B421-01E4-467F-9185-690A88A40E39}.Debug|Any CPU.ActiveCfg = Debug|Any CPU
		{FD76B421-01E4-467F-9185-690A88A40E39}.Debug|Any CPU.Build.0 = Debug|Any CPU
		{FD76B421-01E4-467F-9185-690A88A40E39}.Release|Any CPU.ActiveCfg = Release|Any CPU
		{FD76B421-01E4-467F-9185-690A88A40E39}.Release|Any CPU.Build.0 = Release|Any CPU
		{289370AA-2373-46A8-A2C4-5B4473AE2AB2}.Debug|Any CPU.ActiveCfg = Debug|Any CPU
		{289370AA-2373-46A8-A2C4-5B4473AE2AB2}.Debug|Any CPU.Build.0 = Debug|Any CPU
		{289370AA-2373-46A8-A2C4-5B4473AE2AB2}.Release|Any CPU.ActiveCfg = Release|Any CPU
		{289370AA-2373-46A8-A2C4-5B4473AE2AB2}.Release|Any CPU.Build.0 = Release|Any CPU
	EndGlobalSection
EndGlobal
